// !$*UTF8*$!
{
	archiveVersion = 1;
	classes = {
	};
	objectVersion = 56;
	objects = {

/* Begin PBXBuildFile section */
		F5C402012A45D61800592F55 /* RealityKitContent in Frameworks */ = {isa = PBXBuildFile; productRef = F5C402002A45D61800592F55 /* RealityKitContent */; };
		F5C402032A45D61800592F55 /* VRApp.swift in Sources */ = {isa = PBXBuildFile; fileRef = F5C402022A45D61800592F55 /* VRApp.swift */; };
		F5C402052A45D61800592F55 /* ContentView.swift in Sources */ = {isa = PBXBuildFile; fileRef = F5C402042A45D61800592F55 /* ContentView.swift */; };
		F5C402072A45D61A00592F55 /* Assets.xcassets in Resources */ = {isa = PBXBuildFile; fileRef = F5C402062A45D61A00592F55 /* Assets.xcassets */; };
		F5C4020A2A45D61A00592F55 /* Preview Assets.xcassets in Resources */ = {isa = PBXBuildFile; fileRef = F5C402092A45D61A00592F55 /* Preview Assets.xcassets */; };
		F5C402142A45D61B00592F55 /* VRTests.swift in Sources */ = {isa = PBXBuildFile; fileRef = F5C402132A45D61B00592F55 /* VRTests.swift */; };
/* End PBXBuildFile section */

/* Begin PBXContainerItemProxy section */
		F5C402102A45D61B00592F55 /* PBXContainerItemProxy */ = {
			isa = PBXContainerItemProxy;
			containerPortal = F5C401F32A45D61800592F55 /* Project object */;
			proxyType = 1;
			remoteGlobalIDString = F5C401FA2A45D61800592F55;
			remoteInfo = VR;
		};
/* End PBXContainerItemProxy section */

/* Begin PBXFileReference section */
		F5C401FB2A45D61800592F55 /* VR.app */ = {isa = PBXFileReference; explicitFileType = wrapper.application; includeInIndex = 0; path = VR.app; sourceTree = BUILT_PRODUCTS_DIR; };
		F5C401FF2A45D61800592F55 /* RealityKitContent */ = {isa = PBXFileReference; lastKnownFileType = wrapper; path = RealityKitContent; sourceTree = "<group>"; };
		F5C402022A45D61800592F55 /* VRApp.swift */ = {isa = PBXFileReference; lastKnownFileType = sourcecode.swift; path = VRApp.swift; sourceTree = "<group>"; };
		F5C402042A45D61800592F55 /* ContentView.swift */ = {isa = PBXFileReference; lastKnownFileType = sourcecode.swift; path = ContentView.swift; sourceTree = "<group>"; };
		F5C402062A45D61A00592F55 /* Assets.xcassets */ = {isa = PBXFileReference; lastKnownFileType = folder.assetcatalog; path = Assets.xcassets; sourceTree = "<group>"; };
		F5C402092A45D61A00592F55 /* Preview Assets.xcassets */ = {isa = PBXFileReference; lastKnownFileType = folder.assetcatalog; path = "Preview Assets.xcassets"; sourceTree = "<group>"; };
		F5C4020F2A45D61B00592F55 /* VRTests.xctest */ = {isa = PBXFileReference; explicitFileType = wrapper.cfbundle; includeInIndex = 0; path = VRTests.xctest; sourceTree = BUILT_PRODUCTS_DIR; };
		F5C402132A45D61B00592F55 /* VRTests.swift */ = {isa = PBXFileReference; lastKnownFileType = sourcecode.swift; path = VRTests.swift; sourceTree = "<group>"; };
/* End PBXFileReference section */

/* Begin PBXFrameworksBuildPhase section */
		F5C401F82A45D61800592F55 /* Frameworks */ = {
			isa = PBXFrameworksBuildPhase;
			buildActionMask = 2147483647;
			files = (
				F5C402012A45D61800592F55 /* RealityKitContent in Frameworks */,
			);
			runOnlyForDeploymentPostprocessing = 0;
		};
		F5C4020C2A45D61B00592F55 /* Frameworks */ = {
			isa = PBXFrameworksBuildPhase;
			buildActionMask = 2147483647;
			files = (
			);
			runOnlyForDeploymentPostprocessing = 0;
		};
/* End PBXFrameworksBuildPhase section */

/* Begin PBXGroup section */
		F5C401F22A45D61800592F55 = {
			isa = PBXGroup;
			children = (
				F5C401FD2A45D61800592F55 /* VR */,
				F5C401FE2A45D61800592F55 /* Packages */,
				F5C402122A45D61B00592F55 /* VRTests */,
				F5C401FC2A45D61800592F55 /* Products */,
			);
			sourceTree = "<group>";
		};
		F5C401FC2A45D61800592F55 /* Products */ = {
			isa = PBXGroup;
			children = (
				F5C401FB2A45D61800592F55 /* VR.app */,
				F5C4020F2A45D61B00592F55 /* VRTests.xctest */,
			);
			name = Products;
			sourceTree = "<group>";
		};
		F5C401FD2A45D61800592F55 /* VR */ = {
			isa = PBXGroup;
			children = (
				F5C402022A45D61800592F55 /* VRApp.swift */,
				F5C402042A45D61800592F55 /* ContentView.swift */,
				F5C402062A45D61A00592F55 /* Assets.xcassets */,
				F5C402082A45D61A00592F55 /* Preview Content */,
			);
			path = VR;
			sourceTree = "<group>";
		};
		F5C401FE2A45D61800592F55 /* Packages */ = {
			isa = PBXGroup;
			children = (
				F5C401FF2A45D61800592F55 /* RealityKitContent */,
			);
			path = Packages;
			sourceTree = "<group>";
		};
		F5C402082A45D61A00592F55 /* Preview Content */ = {
			isa = PBXGroup;
			children = (
				F5C402092A45D61A00592F55 /* Preview Assets.xcassets */,
			);
			path = "Preview Content";
			sourceTree = "<group>";
		};
		F5C402122A45D61B00592F55 /* VRTests */ = {
			isa = PBXGroup;
			children = (
				F5C402132A45D61B00592F55 /* VRTests.swift */,
			);
			path = VRTests;
			sourceTree = "<group>";
		};
/* End PBXGroup section */

/* Begin PBXNativeTarget section */
		F5C401FA2A45D61800592F55 /* VR */ = {
			isa = PBXNativeTarget;
			buildConfigurationList = F5C402172A45D61B00592F55 /* Build configuration list for PBXNativeTarget "VR" */;
			buildPhases = (
				F5C401F72A45D61800592F55 /* Sources */,
				F5C401F82A45D61800592F55 /* Frameworks */,
				F5C401F92A45D61800592F55 /* Resources */,
			);
			buildRules = (
			);
			dependencies = (
			);
			name = VR;
			packageProductDependencies = (
				F5C402002A45D61800592F55 /* RealityKitContent */,
			);
			productName = VR;
			productReference = F5C401FB2A45D61800592F55 /* VR.app */;
			productType = "com.apple.product-type.application";
		};
		F5C4020E2A45D61B00592F55 /* VRTests */ = {
			isa = PBXNativeTarget;
			buildConfigurationList = F5C4021A2A45D61B00592F55 /* Build configuration list for PBXNativeTarget "VRTests" */;
			buildPhases = (
				F5C4020B2A45D61B00592F55 /* Sources */,
				F5C4020C2A45D61B00592F55 /* Frameworks */,
				F5C4020D2A45D61B00592F55 /* Resources */,
			);
			buildRules = (
			);
			dependencies = (
				F5C402112A45D61B00592F55 /* PBXTargetDependency */,
			);
			name = VRTests;
			productName = VRTests;
			productReference = F5C4020F2A45D61B00592F55 /* VRTests.xctest */;
			productType = "com.apple.product-type.bundle.unit-test";
		};
/* End PBXNativeTarget section */

/* Begin PBXProject section */
		F5C401F32A45D61800592F55 /* Project object */ = {
			isa = PBXProject;
			attributes = {
				BuildIndependentTargetsInParallel = 1;
				LastSwiftUpdateCheck = 1500;
				LastUpgradeCheck = 1500;
				TargetAttributes = {
					F5C401FA2A45D61800592F55 = {
						CreatedOnToolsVersion = 15.0;
					};
					F5C4020E2A45D61B00592F55 = {
						CreatedOnToolsVersion = 15.0;
						TestTargetID = F5C401FA2A45D61800592F55;
					};
				};
			};
			buildConfigurationList = F5C401F62A45D61800592F55 /* Build configuration list for PBXProject "VR" */;
			compatibilityVersion = "Xcode 14.0";
			developmentRegion = en;
			hasScannedForEncodings = 0;
			knownRegions = (
				en,
				Base,
			);
			mainGroup = F5C401F22A45D61800592F55;
			productRefGroup = F5C401FC2A45D61800592F55 /* Products */;
			projectDirPath = "";
			projectRoot = "";
			targets = (
				F5C401FA2A45D61800592F55 /* VR */,
				F5C4020E2A45D61B00592F55 /* VRTests */,
			);
		};
/* End PBXProject section */

/* Begin PBXResourcesBuildPhase section */
		F5C401F92A45D61800592F55 /* Resources */ = {
			isa = PBXResourcesBuildPhase;
			buildActionMask = 2147483647;
			files = (
				F5C4020A2A45D61A00592F55 /* Preview Assets.xcassets in Resources */,
				F5C402072A45D61A00592F55 /* Assets.xcassets in Resources */,
			);
			runOnlyForDeploymentPostprocessing = 0;
		};
		F5C4020D2A45D61B00592F55 /* Resources */ = {
			isa = PBXResourcesBuildPhase;
			buildActionMask = 2147483647;
			files = (
			);
			runOnlyForDeploymentPostprocessing = 0;
		};
/* End PBXResourcesBuildPhase section */

/* Begin PBXSourcesBuildPhase section */
		F5C401F72A45D61800592F55 /* Sources */ = {
			isa = PBXSourcesBuildPhase;
			buildActionMask = 2147483647;
			files = (
				F5C402052A45D61800592F55 /* ContentView.swift in Sources */,
				F5C402032A45D61800592F55 /* VRApp.swift in Sources */,
			);
			runOnlyForDeploymentPostprocessing = 0;
		};
		F5C4020B2A45D61B00592F55 /* Sources */ = {
			isa = PBXSourcesBuildPhase;
			buildActionMask = 2147483647;
			files = (
				F5C402142A45D61B00592F55 /* VRTests.swift in Sources */,
			);
			runOnlyForDeploymentPostprocessing = 0;
		};
/* End PBXSourcesBuildPhase section */

/* Begin PBXTargetDependency section */
		F5C402112A45D61B00592F55 /* PBXTargetDependency */ = {
			isa = PBXTargetDependency;
			target = F5C401FA2A45D61800592F55 /* VR */;
			targetProxy = F5C402102A45D61B00592F55 /* PBXContainerItemProxy */;
		};
/* End PBXTargetDependency section */

/* Begin XCBuildConfiguration section */
		F5C402152A45D61B00592F55 /* Debug */ = {
			isa = XCBuildConfiguration;
			buildSettings = {
				ALWAYS_SEARCH_USER_PATHS = NO;
				ASSETCATALOG_COMPILER_GENERATE_SWIFT_ASSET_SYMBOL_EXTENSIONS = YES;
				CLANG_ANALYZER_NONNULL = YES;
				CLANG_ANALYZER_NUMBER_OBJECT_CONVERSION = YES_AGGRESSIVE;
				CLANG_CXX_LANGUAGE_STANDARD = "gnu++20";
				CLANG_ENABLE_MODULES = YES;
				CLANG_ENABLE_OBJC_ARC = YES;
				CLANG_ENABLE_OBJC_WEAK = YES;
				CLANG_WARN_BLOCK_CAPTURE_AUTORELEASING = YES;
				CLANG_WARN_BOOL_CONVERSION = YES;
				CLANG_WARN_COMMA = YES;
				CLANG_WARN_CONSTANT_CONVERSION = YES;
				CLANG_WARN_DEPRECATED_OBJC_IMPLEMENTATIONS = YES;
				CLANG_WARN_DIRECT_OBJC_ISA_USAGE = YES_ERROR;
				CLANG_WARN_DOCUMENTATION_COMMENTS = YES;
				CLANG_WARN_EMPTY_BODY = YES;
				CLANG_WARN_ENUM_CONVERSION = YES;
				CLANG_WARN_INFINITE_RECURSION = YES;
				CLANG_WARN_INT_CONVERSION = YES;
				CLANG_WARN_NON_LITERAL_NULL_CONVERSION = YES;
				CLANG_WARN_OBJC_IMPLICIT_RETAIN_SELF = YES;
				CLANG_WARN_OBJC_LITERAL_CONVERSION = YES;
				CLANG_WARN_OBJC_ROOT_CLASS = YES_ERROR;
				CLANG_WARN_QUOTED_INCLUDE_IN_FRAMEWORK_HEADER = YES;
				CLANG_WARN_RANGE_LOOP_ANALYSIS = YES;
				CLANG_WARN_STRICT_PROTOTYPES = YES;
				CLANG_WARN_SUSPICIOUS_MOVE = YES;
				CLANG_WARN_UNGUARDED_AVAILABILITY = YES_AGGRESSIVE;
				CLANG_WARN_UNREACHABLE_CODE = YES;
				CLANG_WARN__DUPLICATE_METHOD_MATCH = YES;
				COPY_PHASE_STRIP = NO;
				DEBUG_INFORMATION_FORMAT = dwarf;
				ENABLE_STRICT_OBJC_MSGSEND = YES;
				ENABLE_TESTABILITY = YES;
				ENABLE_USER_SCRIPT_SANDBOXING = YES;
				GCC_C_LANGUAGE_STANDARD = gnu17;
				GCC_DYNAMIC_NO_PIC = NO;
				GCC_NO_COMMON_BLOCKS = YES;
				GCC_OPTIMIZATION_LEVEL = 0;
				GCC_PREPROCESSOR_DEFINITIONS = (
					"DEBUG=1",
					"$(inherited)",
				);
				GCC_WARN_64_TO_32_BIT_CONVERSION = YES;
				GCC_WARN_ABOUT_RETURN_TYPE = YES_ERROR;
				GCC_WARN_UNDECLARED_SELECTOR = YES;
				GCC_WARN_UNINITIALIZED_AUTOS = YES_AGGRESSIVE;
				GCC_WARN_UNUSED_FUNCTION = YES;
				GCC_WARN_UNUSED_VARIABLE = YES;
				LOCALIZATION_PREFERS_STRING_CATALOGS = YES;
				MTL_ENABLE_DEBUG_INFO = INCLUDE_SOURCE;
				MTL_FAST_MATH = YES;
				ONLY_ACTIVE_ARCH = YES;
				SDKROOT = xros;
				SWIFT_ACTIVE_COMPILATION_CONDITIONS = "DEBUG $(inherited)";
				SWIFT_OPTIMIZATION_LEVEL = "-Onone";
				XROS_DEPLOYMENT_TARGET = 1.0;
			};
			name = Debug;
		};
		F5C402162A45D61B00592F55 /* Release */ = {
			isa = XCBuildConfiguration;
			buildSettings = {
				ALWAYS_SEARCH_USER_PATHS = NO;
				ASSETCATALOG_COMPILER_GENERATE_SWIFT_ASSET_SYMBOL_EXTENSIONS = YES;
				CLANG_ANALYZER_NONNULL = YES;
				CLANG_ANALYZER_NUMBER_OBJECT_CONVERSION = YES_AGGRESSIVE;
				CLANG_CXX_LANGUAGE_STANDARD = "gnu++20";
				CLANG_ENABLE_MODULES = YES;
				CLANG_ENABLE_OBJC_ARC = YES;
				CLANG_ENABLE_OBJC_WEAK = YES;
				CLANG_WARN_BLOCK_CAPTURE_AUTORELEASING = YES;
				CLANG_WARN_BOOL_CONVERSION = YES;
				CLANG_WARN_COMMA = YES;
				CLANG_WARN_CONSTANT_CONVERSION = YES;
				CLANG_WARN_DEPRECATED_OBJC_IMPLEMENTATIONS = YES;
				CLANG_WARN_DIRECT_OBJC_ISA_USAGE = YES_ERROR;
				CLANG_WARN_DOCUMENTATION_COMMENTS = YES;
				CLANG_WARN_EMPTY_BODY = YES;
				CLANG_WARN_ENUM_CONVERSION = YES;
				CLANG_WARN_INFINITE_RECURSION = YES;
				CLANG_WARN_INT_CONVERSION = YES;
				CLANG_WARN_NON_LITERAL_NULL_CONVERSION = YES;
				CLANG_WARN_OBJC_IMPLICIT_RETAIN_SELF = YES;
				CLANG_WARN_OBJC_LITERAL_CONVERSION = YES;
				CLANG_WARN_OBJC_ROOT_CLASS = YES_ERROR;
				CLANG_WARN_QUOTED_INCLUDE_IN_FRAMEWORK_HEADER = YES;
				CLANG_WARN_RANGE_LOOP_ANALYSIS = YES;
				CLANG_WARN_STRICT_PROTOTYPES = YES;
				CLANG_WARN_SUSPICIOUS_MOVE = YES;
				CLANG_WARN_UNGUARDED_AVAILABILITY = YES_AGGRESSIVE;
				CLANG_WARN_UNREACHABLE_CODE = YES;
				CLANG_WARN__DUPLICATE_METHOD_MATCH = YES;
				COPY_PHASE_STRIP = NO;
				DEBUG_INFORMATION_FORMAT = "dwarf-with-dsym";
				ENABLE_NS_ASSERTIONS = NO;
				ENABLE_STRICT_OBJC_MSGSEND = YES;
				ENABLE_USER_SCRIPT_SANDBOXING = YES;
				GCC_C_LANGUAGE_STANDARD = gnu17;
				GCC_NO_COMMON_BLOCKS = YES;
				GCC_WARN_64_TO_32_BIT_CONVERSION = YES;
				GCC_WARN_ABOUT_RETURN_TYPE = YES_ERROR;
				GCC_WARN_UNDECLARED_SELECTOR = YES;
				GCC_WARN_UNINITIALIZED_AUTOS = YES_AGGRESSIVE;
				GCC_WARN_UNUSED_FUNCTION = YES;
				GCC_WARN_UNUSED_VARIABLE = YES;
				LOCALIZATION_PREFERS_STRING_CATALOGS = YES;
				MTL_ENABLE_DEBUG_INFO = NO;
				MTL_FAST_MATH = YES;
				SDKROOT = xros;
				SWIFT_COMPILATION_MODE = wholemodule;
				VALIDATE_PRODUCT = YES;
				XROS_DEPLOYMENT_TARGET = 1.0;
			};
			name = Release;
		};
		F5C402182A45D61B00592F55 /* Debug */ = {
			isa = XCBuildConfiguration;
			buildSettings = {
				ASSETCATALOG_COMPILER_APPICON_NAME = AppIcon;
				ASSETCATALOG_COMPILER_GLOBAL_ACCENT_COLOR_NAME = AccentColor;
				CODE_SIGN_STYLE = Automatic;
				CURRENT_PROJECT_VERSION = 1;
				DEVELOPMENT_ASSET_PATHS = "\"VR/Preview Content\"";
				ENABLE_PREVIEWS = YES;
				GENERATE_INFOPLIST_FILE = YES;
				INFOPLIST_KEY_UIApplicationSceneManifest_Generation = YES;
				LD_RUNPATH_SEARCH_PATHS = (
					"$(inherited)",
					"@executable_path/Frameworks",
				);
				MARKETING_VERSION = 1.0;
				PRODUCT_BUNDLE_IDENTIFIER = landacorp.VR;
				PRODUCT_NAME = "$(TARGET_NAME)";
				SUPPORTED_PLATFORMS = "xros xrsimulator";
				SWIFT_EMIT_LOC_STRINGS = YES;
				SWIFT_VERSION = 5.0;
				TARGETED_DEVICE_FAMILY = "1,2,7";
			};
			name = Debug;
		};
		F5C402192A45D61B00592F55 /* Release */ = {
			isa = XCBuildConfiguration;
			buildSettings = {
				ASSETCATALOG_COMPILER_APPICON_NAME = AppIcon;
				ASSETCATALOG_COMPILER_GLOBAL_ACCENT_COLOR_NAME = AccentColor;
				CODE_SIGN_STYLE = Automatic;
				CURRENT_PROJECT_VERSION = 1;
				DEVELOPMENT_ASSET_PATHS = "\"VR/Preview Content\"";
				ENABLE_PREVIEWS = YES;
				GENERATE_INFOPLIST_FILE = YES;
				INFOPLIST_KEY_UIApplicationSceneManifest_Generation = YES;
				LD_RUNPATH_SEARCH_PATHS = (
					"$(inherited)",
					"@executable_path/Frameworks",
				);
				MARKETING_VERSION = 1.0;
				PRODUCT_BUNDLE_IDENTIFIER = landacorp.VR;
				PRODUCT_NAME = "$(TARGET_NAME)";
				SUPPORTED_PLATFORMS = "xros xrsimulator";
				SWIFT_EMIT_LOC_STRINGS = YES;
				SWIFT_VERSION = 5.0;
				TARGETED_DEVICE_FAMILY = "1,2,7";
			};
			name = Release;
		};
		F5C4021B2A45D61B00592F55 /* Debug */ = {
			isa = XCBuildConfiguration;
			buildSettings = {
				ALWAYS_EMBED_SWIFT_STANDARD_LIBRARIES = YES;
				BUNDLE_LOADER = "$(TEST_HOST)";
				CODE_SIGN_STYLE = Automatic;
				CURRENT_PROJECT_VERSION = 1;
				GENERATE_INFOPLIST_FILE = YES;
				MARKETING_VERSION = 1.0;
				PRODUCT_BUNDLE_IDENTIFIER = landacorp.VRTests;
				PRODUCT_NAME = "$(TARGET_NAME)";
				SUPPORTED_PLATFORMS = "xros xrsimulator";
				SWIFT_EMIT_LOC_STRINGS = NO;
				SWIFT_VERSION = 5.0;
				TARGETED_DEVICE_FAMILY = "1,2,7";
				TEST_HOST = "$(BUILT_PRODUCTS_DIR)/VR.app/$(BUNDLE_EXECUTABLE_FOLDER_PATH)/VR";
				XROS_DEPLOYMENT_TARGET = 1.0;
			};
			name = Debug;
		};
		F5C4021C2A45D61B00592F55 /* Release */ = {
			isa = XCBuildConfiguration;
			buildSettings = {
				ALWAYS_EMBED_SWIFT_STANDARD_LIBRARIES = YES;
				BUNDLE_LOADER = "$(TEST_HOST)";
				CODE_SIGN_STYLE = Automatic;
				CURRENT_PROJECT_VERSION = 1;
				GENERATE_INFOPLIST_FILE = YES;
				MARKETING_VERSION = 1.0;
				PRODUCT_BUNDLE_IDENTIFIER = landacorp.VRTests;
				PRODUCT_NAME = "$(TARGET_NAME)";
				SUPPORTED_PLATFORMS = "xros xrsimulator";
				SWIFT_EMIT_LOC_STRINGS = NO;
				SWIFT_VERSION = 5.0;
				TARGETED_DEVICE_FAMILY = "1,2,7";
				TEST_HOST = "$(BUILT_PRODUCTS_DIR)/VR.app/$(BUNDLE_EXECUTABLE_FOLDER_PATH)/VR";
				XROS_DEPLOYMENT_TARGET = 1.0;
			};
			name = Release;
		};
/* End XCBuildConfiguration section */

/* Begin XCConfigurationList section */
		F5C401F62A45D61800592F55 /* Build configuration list for PBXProject "VR" */ = {
			isa = XCConfigurationList;
			buildConfigurations = (
				F5C402152A45D61B00592F55 /* Debug */,
				F5C402162A45D61B00592F55 /* Release */,
			);
			defaultConfigurationIsVisible = 0;
			defaultConfigurationName = Release;
		};
		F5C402172A45D61B00592F55 /* Build configuration list for PBXNativeTarget "VR" */ = {
			isa = XCConfigurationList;
			buildConfigurations = (
				F5C402182A45D61B00592F55 /* Debug */,
				F5C402192A45D61B00592F55 /* Release */,
			);
			defaultConfigurationIsVisible = 0;
			defaultConfigurationName = Release;
		};
		F5C4021A2A45D61B00592F55 /* Build configuration list for PBXNativeTarget "VRTests" */ = {
			isa = XCConfigurationList;
			buildConfigurations = (
				F5C4021B2A45D61B00592F55 /* Debug */,
				F5C4021C2A45D61B00592F55 /* Release */,
			);
			defaultConfigurationIsVisible = 0;
			defaultConfigurationName = Release;
		};
/* End XCConfigurationList section */

/* Begin XCSwiftPackageProductDependency section */
		F5C402002A45D61800592F55 /* RealityKitContent */ = {
			isa = XCSwiftPackageProductDependency;
			productName = RealityKitContent;
		};
/* End XCSwiftPackageProductDependency section */
	};
	rootObject = F5C401F32A45D61800592F55 /* Project object */;
}
